// !$*UTF8*$!
{
	archiveVersion = 1;
	classes = {
	};
	objectVersion = 55;
	objects = {

/* Begin PBXBuildFile section */
		8E1EBC0428901C2400A65F8D /* ShopExampleApp.swift in Sources */ = {isa = PBXBuildFile; fileRef = 8E1EBC0328901C2400A65F8D /* ShopExampleApp.swift */; };
		8E1EBC0628901C2400A65F8D /* MainView.swift in Sources */ = {isa = PBXBuildFile; fileRef = 8E1EBC0528901C2400A65F8D /* MainView.swift */; };
		8E1EBC0828901C2700A65F8D /* Assets.xcassets in Resources */ = {isa = PBXBuildFile; fileRef = 8E1EBC0728901C2700A65F8D /* Assets.xcassets */; };
		8E1EBC0B28901C2700A65F8D /* Preview Assets.xcassets in Resources */ = {isa = PBXBuildFile; fileRef = 8E1EBC0A28901C2700A65F8D /* Preview Assets.xcassets */; };
		8E1EBC172890212A00A65F8D /* Product.swift in Sources */ = {isa = PBXBuildFile; fileRef = 8E1EBC162890212A00A65F8D /* Product.swift */; };
		8E1EBC19289025AB00A65F8D /* ShopboardViewModel.swift in Sources */ = {isa = PBXBuildFile; fileRef = 8E1EBC18289025AB00A65F8D /* ShopboardViewModel.swift */; };
		8E65BE902892F88F0052DA62 /* DataManager.swift in Sources */ = {isa = PBXBuildFile; fileRef = 8E65BE8F2892F88F0052DA62 /* DataManager.swift */; };
		8E65BE92289301150052DA62 /* Block.swift in Sources */ = {isa = PBXBuildFile; fileRef = 8E65BE91289301150052DA62 /* Block.swift */; };
		8E65BE962893023E0052DA62 /* BlockView.swift in Sources */ = {isa = PBXBuildFile; fileRef = 8E65BE952893023E0052DA62 /* BlockView.swift */; };
		8E65BE9A28930D2A0052DA62 /* ShopboardView.swift in Sources */ = {isa = PBXBuildFile; fileRef = 8E65BE9928930D2A0052DA62 /* ShopboardView.swift */; };
		8E65BE9C289313730052DA62 /* ItemView.swift in Sources */ = {isa = PBXBuildFile; fileRef = 8E65BE9B289313730052DA62 /* ItemView.swift */; };
		8E65BE9E2893C96C0052DA62 /* NetworkManager.swift in Sources */ = {isa = PBXBuildFile; fileRef = 8E65BE9D2893C96C0052DA62 /* NetworkManager.swift */; };
		8E65BEA02893D7C50052DA62 /* ItemViewModel.swift in Sources */ = {isa = PBXBuildFile; fileRef = 8E65BE9F2893D7C50052DA62 /* ItemViewModel.swift */; };
		8E65BEA22895B4C30052DA62 /* ProductView.swift in Sources */ = {isa = PBXBuildFile; fileRef = 8E65BEA12895B4C30052DA62 /* ProductView.swift */; };
		8E65BEA42895B4D30052DA62 /* ProductViewModel.swift in Sources */ = {isa = PBXBuildFile; fileRef = 8E65BEA32895B4D30052DA62 /* ProductViewModel.swift */; };
		8E65BEA62895BBC50052DA62 /* ImageViewModel.swift in Sources */ = {isa = PBXBuildFile; fileRef = 8E65BEA52895BBC50052DA62 /* ImageViewModel.swift */; };
		8E65BEA82895BC830052DA62 /* ImageView.swift in Sources */ = {isa = PBXBuildFile; fileRef = 8E65BEA72895BC830052DA62 /* ImageView.swift */; };
		8EB23BEB28967A4300B4364D /* CartView.swift in Sources */ = {isa = PBXBuildFile; fileRef = 8EB23BEA28967A4300B4364D /* CartView.swift */; };
		8EB23BED2896839100B4364D /* StorageManager.swift in Sources */ = {isa = PBXBuildFile; fileRef = 8EB23BEC2896839100B4364D /* StorageManager.swift */; };
		8EB23BEF289686A800B4364D /* CartViewModel.swift in Sources */ = {isa = PBXBuildFile; fileRef = 8EB23BEE289686A800B4364D /* CartViewModel.swift */; };
/* End PBXBuildFile section */

/* Begin PBXFileReference section */
		8E1EBC0028901C2400A65F8D /* ShopExample.app */ = {isa = PBXFileReference; explicitFileType = wrapper.application; includeInIndex = 0; path = ShopExample.app; sourceTree = BUILT_PRODUCTS_DIR; };
		8E1EBC0328901C2400A65F8D /* ShopExampleApp.swift */ = {isa = PBXFileReference; lastKnownFileType = sourcecode.swift; path = ShopExampleApp.swift; sourceTree = "<group>"; };
		8E1EBC0528901C2400A65F8D /* MainView.swift */ = {isa = PBXFileReference; lastKnownFileType = sourcecode.swift; path = MainView.swift; sourceTree = "<group>"; };
		8E1EBC0728901C2700A65F8D /* Assets.xcassets */ = {isa = PBXFileReference; lastKnownFileType = folder.assetcatalog; path = Assets.xcassets; sourceTree = "<group>"; };
		8E1EBC0A28901C2700A65F8D /* Preview Assets.xcassets */ = {isa = PBXFileReference; lastKnownFileType = folder.assetcatalog; path = "Preview Assets.xcassets"; sourceTree = "<group>"; };
		8E1EBC162890212A00A65F8D /* Product.swift */ = {isa = PBXFileReference; lastKnownFileType = sourcecode.swift; path = Product.swift; sourceTree = "<group>"; };
		8E1EBC18289025AB00A65F8D /* ShopboardViewModel.swift */ = {isa = PBXFileReference; lastKnownFileType = sourcecode.swift; path = ShopboardViewModel.swift; sourceTree = "<group>"; };
		8E65BE8F2892F88F0052DA62 /* DataManager.swift */ = {isa = PBXFileReference; lastKnownFileType = sourcecode.swift; path = DataManager.swift; sourceTree = "<group>"; };
		8E65BE91289301150052DA62 /* Block.swift */ = {isa = PBXFileReference; lastKnownFileType = sourcecode.swift; path = Block.swift; sourceTree = "<group>"; };
		8E65BE952893023E0052DA62 /* BlockView.swift */ = {isa = PBXFileReference; lastKnownFileType = sourcecode.swift; path = BlockView.swift; sourceTree = "<group>"; };
		8E65BE9928930D2A0052DA62 /* ShopboardView.swift */ = {isa = PBXFileReference; lastKnownFileType = sourcecode.swift; path = ShopboardView.swift; sourceTree = "<group>"; };
		8E65BE9B289313730052DA62 /* ItemView.swift */ = {isa = PBXFileReference; lastKnownFileType = sourcecode.swift; path = ItemView.swift; sourceTree = "<group>"; };
		8E65BE9D2893C96C0052DA62 /* NetworkManager.swift */ = {isa = PBXFileReference; lastKnownFileType = sourcecode.swift; path = NetworkManager.swift; sourceTree = "<group>"; };
		8E65BE9F2893D7C50052DA62 /* ItemViewModel.swift */ = {isa = PBXFileReference; lastKnownFileType = sourcecode.swift; path = ItemViewModel.swift; sourceTree = "<group>"; };
		8E65BEA12895B4C30052DA62 /* ProductView.swift */ = {isa = PBXFileReference; lastKnownFileType = sourcecode.swift; path = ProductView.swift; sourceTree = "<group>"; };
		8E65BEA32895B4D30052DA62 /* ProductViewModel.swift */ = {isa = PBXFileReference; lastKnownFileType = sourcecode.swift; path = ProductViewModel.swift; sourceTree = "<group>"; };
		8E65BEA52895BBC50052DA62 /* ImageViewModel.swift */ = {isa = PBXFileReference; lastKnownFileType = sourcecode.swift; path = ImageViewModel.swift; sourceTree = "<group>"; };
		8E65BEA72895BC830052DA62 /* ImageView.swift */ = {isa = PBXFileReference; lastKnownFileType = sourcecode.swift; path = ImageView.swift; sourceTree = "<group>"; };
		8EB23BEA28967A4300B4364D /* CartView.swift */ = {isa = PBXFileReference; lastKnownFileType = sourcecode.swift; path = CartView.swift; sourceTree = "<group>"; };
		8EB23BEC2896839100B4364D /* StorageManager.swift */ = {isa = PBXFileReference; lastKnownFileType = sourcecode.swift; path = StorageManager.swift; sourceTree = "<group>"; };
		8EB23BEE289686A800B4364D /* CartViewModel.swift */ = {isa = PBXFileReference; lastKnownFileType = sourcecode.swift; path = CartViewModel.swift; sourceTree = "<group>"; };
/* End PBXFileReference section */

/* Begin PBXFrameworksBuildPhase section */
		8E1EBBFD28901C2400A65F8D /* Frameworks */ = {
			isa = PBXFrameworksBuildPhase;
			buildActionMask = 2147483647;
			files = (
			);
			runOnlyForDeploymentPostprocessing = 0;
		};
/* End PBXFrameworksBuildPhase section */

/* Begin PBXGroup section */
		8E1EBBF728901C2400A65F8D = {
			isa = PBXGroup;
			children = (
				8E1EBC0228901C2400A65F8D /* ShopExample */,
				8E1EBC0128901C2400A65F8D /* Products */,
			);
			sourceTree = "<group>";
		};
		8E1EBC0128901C2400A65F8D /* Products */ = {
			isa = PBXGroup;
			children = (
				8E1EBC0028901C2400A65F8D /* ShopExample.app */,
			);
			name = Products;
			sourceTree = "<group>";
		};
		8E1EBC0228901C2400A65F8D /* ShopExample */ = {
			isa = PBXGroup;
			children = (
				8E1EBC0328901C2400A65F8D /* ShopExampleApp.swift */,
				8E65BE8E2892F87D0052DA62 /* Servises */,
				8E1EBC1228901C7C00A65F8D /* ViewModels */,
				8E1EBC1128901C7400A65F8D /* Views */,
				8E1EBC0728901C2700A65F8D /* Assets.xcassets */,
				8E1EBC0928901C2700A65F8D /* Preview Content */,
				8E1EBC152890211500A65F8D /* Model */,
			);
			path = ShopExample;
			sourceTree = "<group>";
		};
		8E1EBC0928901C2700A65F8D /* Preview Content */ = {
			isa = PBXGroup;
			children = (
				8E1EBC0A28901C2700A65F8D /* Preview Assets.xcassets */,
			);
			path = "Preview Content";
			sourceTree = "<group>";
		};
		8E1EBC1128901C7400A65F8D /* Views */ = {
			isa = PBXGroup;
			children = (
				8E1EBC0528901C2400A65F8D /* MainView.swift */,
				8E65BE952893023E0052DA62 /* BlockView.swift */,
				8E65BE9928930D2A0052DA62 /* ShopboardView.swift */,
				8E65BE9B289313730052DA62 /* ItemView.swift */,
				8E65BEA12895B4C30052DA62 /* ProductView.swift */,
				8E65BEA72895BC830052DA62 /* ImageView.swift */,
				8EB23BEA28967A4300B4364D /* CartView.swift */,
			);
			path = Views;
			sourceTree = "<group>";
		};
		8E1EBC1228901C7C00A65F8D /* ViewModels */ = {
			isa = PBXGroup;
			children = (
				8E1EBC18289025AB00A65F8D /* ShopboardViewModel.swift */,
				8E65BE9F2893D7C50052DA62 /* ItemViewModel.swift */,
				8E65BEA32895B4D30052DA62 /* ProductViewModel.swift */,
				8E65BEA52895BBC50052DA62 /* ImageViewModel.swift */,
				8EB23BEE289686A800B4364D /* CartViewModel.swift */,
			);
			path = ViewModels;
			sourceTree = "<group>";
		};
		8E1EBC152890211500A65F8D /* Model */ = {
			isa = PBXGroup;
			children = (
				8E1EBC162890212A00A65F8D /* Product.swift */,
				8E65BE91289301150052DA62 /* Block.swift */,
			);
			path = Model;
			sourceTree = "<group>";
		};
		8E65BE8E2892F87D0052DA62 /* Servises */ = {
			isa = PBXGroup;
			children = (
				8E65BE8F2892F88F0052DA62 /* DataManager.swift */,
				8E65BE9D2893C96C0052DA62 /* NetworkManager.swift */,
				8EB23BEC2896839100B4364D /* StorageManager.swift */,
			);
			path = Servises;
			sourceTree = "<group>";
		};
/* End PBXGroup section */

/* Begin PBXNativeTarget section */
		8E1EBBFF28901C2400A65F8D /* ShopExample */ = {
			isa = PBXNativeTarget;
			buildConfigurationList = 8E1EBC0E28901C2700A65F8D /* Build configuration list for PBXNativeTarget "ShopExample" */;
			buildPhases = (
				8E1EBBFC28901C2400A65F8D /* Sources */,
				8E1EBBFD28901C2400A65F8D /* Frameworks */,
				8E1EBBFE28901C2400A65F8D /* Resources */,
			);
			buildRules = (
			);
			dependencies = (
			);
			name = ShopExample;
			productName = ShopExample;
			productReference = 8E1EBC0028901C2400A65F8D /* ShopExample.app */;
			productType = "com.apple.product-type.application";
		};
/* End PBXNativeTarget section */

/* Begin PBXProject section */
		8E1EBBF828901C2400A65F8D /* Project object */ = {
			isa = PBXProject;
			attributes = {
				BuildIndependentTargetsInParallel = 1;
				LastSwiftUpdateCheck = 1340;
				LastUpgradeCheck = 1340;
				TargetAttributes = {
					8E1EBBFF28901C2400A65F8D = {
						CreatedOnToolsVersion = 13.4.1;
					};
				};
			};
			buildConfigurationList = 8E1EBBFB28901C2400A65F8D /* Build configuration list for PBXProject "ShopExample" */;
			compatibilityVersion = "Xcode 13.0";
			developmentRegion = en;
			hasScannedForEncodings = 0;
			knownRegions = (
				en,
				Base,
			);
			mainGroup = 8E1EBBF728901C2400A65F8D;
			productRefGroup = 8E1EBC0128901C2400A65F8D /* Products */;
			projectDirPath = "";
			projectRoot = "";
			targets = (
				8E1EBBFF28901C2400A65F8D /* ShopExample */,
			);
		};
/* End PBXProject section */

/* Begin PBXResourcesBuildPhase section */
		8E1EBBFE28901C2400A65F8D /* Resources */ = {
			isa = PBXResourcesBuildPhase;
			buildActionMask = 2147483647;
			files = (
				8E1EBC0B28901C2700A65F8D /* Preview Assets.xcassets in Resources */,
				8E1EBC0828901C2700A65F8D /* Assets.xcassets in Resources */,
			);
			runOnlyForDeploymentPostprocessing = 0;
		};
/* End PBXResourcesBuildPhase section */

/* Begin PBXSourcesBuildPhase section */
		8E1EBBFC28901C2400A65F8D /* Sources */ = {
			isa = PBXSourcesBuildPhase;
			buildActionMask = 2147483647;
			files = (
				8EB23BED2896839100B4364D /* StorageManager.swift in Sources */,
				8E65BEA82895BC830052DA62 /* ImageView.swift in Sources */,
				8E1EBC19289025AB00A65F8D /* ShopboardViewModel.swift in Sources */,
				8E65BE902892F88F0052DA62 /* DataManager.swift in Sources */,
				8E65BE9E2893C96C0052DA62 /* NetworkManager.swift in Sources */,
				8E1EBC0628901C2400A65F8D /* MainView.swift in Sources */,
				8EB23BEF289686A800B4364D /* CartViewModel.swift in Sources */,
				8E65BEA22895B4C30052DA62 /* ProductView.swift in Sources */,
				8E65BEA42895B4D30052DA62 /* ProductViewModel.swift in Sources */,
				8E1EBC172890212A00A65F8D /* Product.swift in Sources */,
				8E65BEA02893D7C50052DA62 /* ItemViewModel.swift in Sources */,
				8E65BE9C289313730052DA62 /* ItemView.swift in Sources */,
				8E65BE962893023E0052DA62 /* BlockView.swift in Sources */,
				8E1EBC0428901C2400A65F8D /* ShopExampleApp.swift in Sources */,
				8E65BE92289301150052DA62 /* Block.swift in Sources */,
				8E65BEA62895BBC50052DA62 /* ImageViewModel.swift in Sources */,
				8EB23BEB28967A4300B4364D /* CartView.swift in Sources */,
				8E65BE9A28930D2A0052DA62 /* ShopboardView.swift in Sources */,
			);
			runOnlyForDeploymentPostprocessing = 0;
		};
/* End PBXSourcesBuildPhase section */

/* Begin XCBuildConfiguration section */
		8E1EBC0C28901C2700A65F8D /* Debug */ = {
			isa = XCBuildConfiguration;
			buildSettings = {
				ALWAYS_SEARCH_USER_PATHS = NO;
				CLANG_ANALYZER_NONNULL = YES;
				CLANG_ANALYZER_NUMBER_OBJECT_CONVERSION = YES_AGGRESSIVE;
				CLANG_CXX_LANGUAGE_STANDARD = "gnu++17";
				CLANG_ENABLE_MODULES = YES;
				CLANG_ENABLE_OBJC_ARC = YES;
				CLANG_ENABLE_OBJC_WEAK = YES;
				CLANG_WARN_BLOCK_CAPTURE_AUTORELEASING = YES;
				CLANG_WARN_BOOL_CONVERSION = YES;
				CLANG_WARN_COMMA = YES;
				CLANG_WARN_CONSTANT_CONVERSION = YES;
				CLANG_WARN_DEPRECATED_OBJC_IMPLEMENTATIONS = YES;
				CLANG_WARN_DIRECT_OBJC_ISA_USAGE = YES_ERROR;
				CLANG_WARN_DOCUMENTATION_COMMENTS = YES;
				CLANG_WARN_EMPTY_BODY = YES;
				CLANG_WARN_ENUM_CONVERSION = YES;
				CLANG_WARN_INFINITE_RECURSION = YES;
				CLANG_WARN_INT_CONVERSION = YES;
				CLANG_WARN_NON_LITERAL_NULL_CONVERSION = YES;
				CLANG_WARN_OBJC_IMPLICIT_RETAIN_SELF = YES;
				CLANG_WARN_OBJC_LITERAL_CONVERSION = YES;
				CLANG_WARN_OBJC_ROOT_CLASS = YES_ERROR;
				CLANG_WARN_QUOTED_INCLUDE_IN_FRAMEWORK_HEADER = YES;
				CLANG_WARN_RANGE_LOOP_ANALYSIS = YES;
				CLANG_WARN_STRICT_PROTOTYPES = YES;
				CLANG_WARN_SUSPICIOUS_MOVE = YES;
				CLANG_WARN_UNGUARDED_AVAILABILITY = YES_AGGRESSIVE;
				CLANG_WARN_UNREACHABLE_CODE = YES;
				CLANG_WARN__DUPLICATE_METHOD_MATCH = YES;
				COPY_PHASE_STRIP = NO;
				DEBUG_INFORMATION_FORMAT = dwarf;
				ENABLE_STRICT_OBJC_MSGSEND = YES;
				ENABLE_TESTABILITY = YES;
				GCC_C_LANGUAGE_STANDARD = gnu11;
				GCC_DYNAMIC_NO_PIC = NO;
				GCC_NO_COMMON_BLOCKS = YES;
				GCC_OPTIMIZATION_LEVEL = 0;
				GCC_PREPROCESSOR_DEFINITIONS = (
					"DEBUG=1",
					"$(inherited)",
				);
				GCC_WARN_64_TO_32_BIT_CONVERSION = YES;
				GCC_WARN_ABOUT_RETURN_TYPE = YES_ERROR;
				GCC_WARN_UNDECLARED_SELECTOR = YES;
				GCC_WARN_UNINITIALIZED_AUTOS = YES_AGGRESSIVE;
				GCC_WARN_UNUSED_FUNCTION = YES;
				GCC_WARN_UNUSED_VARIABLE = YES;
				IPHONEOS_DEPLOYMENT_TARGET = 15.5;
				MTL_ENABLE_DEBUG_INFO = INCLUDE_SOURCE;
				MTL_FAST_MATH = YES;
				ONLY_ACTIVE_ARCH = YES;
				SDKROOT = iphoneos;
				SWIFT_ACTIVE_COMPILATION_CONDITIONS = DEBUG;
				SWIFT_OPTIMIZATION_LEVEL = "-Onone";
			};
			name = Debug;
		};
		8E1EBC0D28901C2700A65F8D /* Release */ = {
			isa = XCBuildConfiguration;
			buildSettings = {
				ALWAYS_SEARCH_USER_PATHS = NO;
				CLANG_ANALYZER_NONNULL = YES;
				CLANG_ANALYZER_NUMBER_OBJECT_CONVERSION = YES_AGGRESSIVE;
				CLANG_CXX_LANGUAGE_STANDARD = "gnu++17";
				CLANG_ENABLE_MODULES = YES;
				CLANG_ENABLE_OBJC_ARC = YES;
				CLANG_ENABLE_OBJC_WEAK = YES;
				CLANG_WARN_BLOCK_CAPTURE_AUTORELEASING = YES;
				CLANG_WARN_BOOL_CONVERSION = YES;
				CLANG_WARN_COMMA = YES;
				CLANG_WARN_CONSTANT_CONVERSION = YES;
				CLANG_WARN_DEPRECATED_OBJC_IMPLEMENTATIONS = YES;
				CLANG_WARN_DIRECT_OBJC_ISA_USAGE = YES_ERROR;
				CLANG_WARN_DOCUMENTATION_COMMENTS = YES;
				CLANG_WARN_EMPTY_BODY = YES;
				CLANG_WARN_ENUM_CONVERSION = YES;
				CLANG_WARN_INFINITE_RECURSION = YES;
				CLANG_WARN_INT_CONVERSION = YES;
				CLANG_WARN_NON_LITERAL_NULL_CONVERSION = YES;
				CLANG_WARN_OBJC_IMPLICIT_RETAIN_SELF = YES;
				CLANG_WARN_OBJC_LITERAL_CONVERSION = YES;
				CLANG_WARN_OBJC_ROOT_CLASS = YES_ERROR;
				CLANG_WARN_QUOTED_INCLUDE_IN_FRAMEWORK_HEADER = YES;
				CLANG_WARN_RANGE_LOOP_ANALYSIS = YES;
				CLANG_WARN_STRICT_PROTOTYPES = YES;
				CLANG_WARN_SUSPICIOUS_MOVE = YES;
				CLANG_WARN_UNGUARDED_AVAILABILITY = YES_AGGRESSIVE;
				CLANG_WARN_UNREACHABLE_CODE = YES;
				CLANG_WARN__DUPLICATE_METHOD_MATCH = YES;
				COPY_PHASE_STRIP = NO;
				DEBUG_INFORMATION_FORMAT = "dwarf-with-dsym";
				ENABLE_NS_ASSERTIONS = NO;
				ENABLE_STRICT_OBJC_MSGSEND = YES;
				GCC_C_LANGUAGE_STANDARD = gnu11;
				GCC_NO_COMMON_BLOCKS = YES;
				GCC_WARN_64_TO_32_BIT_CONVERSION = YES;
				GCC_WARN_ABOUT_RETURN_TYPE = YES_ERROR;
				GCC_WARN_UNDECLARED_SELECTOR = YES;
				GCC_WARN_UNINITIALIZED_AUTOS = YES_AGGRESSIVE;
				GCC_WARN_UNUSED_FUNCTION = YES;
				GCC_WARN_UNUSED_VARIABLE = YES;
				IPHONEOS_DEPLOYMENT_TARGET = 15.5;
				MTL_ENABLE_DEBUG_INFO = NO;
				MTL_FAST_MATH = YES;
				SDKROOT = iphoneos;
				SWIFT_COMPILATION_MODE = wholemodule;
				SWIFT_OPTIMIZATION_LEVEL = "-O";
				VALIDATE_PRODUCT = YES;
			};
			name = Release;
		};
		8E1EBC0F28901C2700A65F8D /* Debug */ = {
			isa = XCBuildConfiguration;
			buildSettings = {
				ASSETCATALOG_COMPILER_APPICON_NAME = AppIcon;
				ASSETCATALOG_COMPILER_GLOBAL_ACCENT_COLOR_NAME = AccentColor;
				CODE_SIGN_STYLE = Automatic;
				CURRENT_PROJECT_VERSION = 1;
				DEVELOPMENT_ASSET_PATHS = "\"ShopExample/Preview Content\"";
				DEVELOPMENT_TEAM = 9KA3W2767U;
				ENABLE_PREVIEWS = YES;
				GENERATE_INFOPLIST_FILE = YES;
				INFOPLIST_KEY_UIApplicationSceneManifest_Generation = YES;
				INFOPLIST_KEY_UIApplicationSupportsIndirectInputEvents = YES;
				INFOPLIST_KEY_UILaunchScreen_Generation = YES;
				INFOPLIST_KEY_UISupportedInterfaceOrientations_iPad = "UIInterfaceOrientationPortrait UIInterfaceOrientationPortraitUpsideDown UIInterfaceOrientationLandscapeLeft UIInterfaceOrientationLandscapeRight";
				INFOPLIST_KEY_UISupportedInterfaceOrientations_iPhone = "UIInterfaceOrientationPortrait UIInterfaceOrientationLandscapeLeft UIInterfaceOrientationLandscapeRight";
				LD_RUNPATH_SEARCH_PATHS = (
					"$(inherited)",
					"@executable_path/Frameworks",
				);
				MARKETING_VERSION = 1.0;
				PRODUCT_BUNDLE_IDENTIFIER = "Igor-Sysoev.ShopExample";
				PRODUCT_NAME = "$(TARGET_NAME)";
				SWIFT_EMIT_LOC_STRINGS = YES;
				SWIFT_VERSION = 5.0;
				TARGETED_DEVICE_FAMILY = "1,2";
			};
			name = Debug;
		};
		8E1EBC1028901C2700A65F8D /* Release */ = {
			isa = XCBuildConfiguration;
			buildSettings = {
				ASSETCATALOG_COMPILER_APPICON_NAME = AppIcon;
				ASSETCATALOG_COMPILER_GLOBAL_ACCENT_COLOR_NAME = AccentColor;
				CODE_SIGN_STYLE = Automatic;
				CURRENT_PROJECT_VERSION = 1;
				DEVELOPMENT_ASSET_PATHS = "\"ShopExample/Preview Content\"";
				DEVELOPMENT_TEAM = 9KA3W2767U;
				ENABLE_PREVIEWS = YES;
				GENERATE_INFOPLIST_FILE = YES;
				INFOPLIST_KEY_UIApplicationSceneManifest_Generation = YES;
				INFOPLIST_KEY_UIApplicationSupportsIndirectInputEvents = YES;
				INFOPLIST_KEY_UILaunchScreen_Generation = YES;
				INFOPLIST_KEY_UISupportedInterfaceOrientations_iPad = "UIInterfaceOrientationPortrait UIInterfaceOrientationPortraitUpsideDown UIInterfaceOrientationLandscapeLeft UIInterfaceOrientationLandscapeRight";
				INFOPLIST_KEY_UISupportedInterfaceOrientations_iPhone = "UIInterfaceOrientationPortrait UIInterfaceOrientationLandscapeLeft UIInterfaceOrientationLandscapeRight";
				LD_RUNPATH_SEARCH_PATHS = (
					"$(inherited)",
					"@executable_path/Frameworks",
				);
				MARKETING_VERSION = 1.0;
				PRODUCT_BUNDLE_IDENTIFIER = "Igor-Sysoev.ShopExample";
				PRODUCT_NAME = "$(TARGET_NAME)";
				SWIFT_EMIT_LOC_STRINGS = YES;
				SWIFT_VERSION = 5.0;
				TARGETED_DEVICE_FAMILY = "1,2";
			};
			name = Release;
		};
/* End XCBuildConfiguration section */

/* Begin XCConfigurationList section */
		8E1EBBFB28901C2400A65F8D /* Build configuration list for PBXProject "ShopExample" */ = {
			isa = XCConfigurationList;
			buildConfigurations = (
				8E1EBC0C28901C2700A65F8D /* Debug */,
				8E1EBC0D28901C2700A65F8D /* Release */,
			);
			defaultConfigurationIsVisible = 0;
			defaultConfigurationName = Release;
		};
		8E1EBC0E28901C2700A65F8D /* Build configuration list for PBXNativeTarget "ShopExample" */ = {
			isa = XCConfigurationList;
			buildConfigurations = (
				8E1EBC0F28901C2700A65F8D /* Debug */,
				8E1EBC1028901C2700A65F8D /* Release */,
			);
			defaultConfigurationIsVisible = 0;
			defaultConfigurationName = Release;
		};
/* End XCConfigurationList section */
	};
	rootObject = 8E1EBBF828901C2400A65F8D /* Project object */;
}
